
Microsoft Visual Studio Solution File, Format Version 12.00
# Visual Studio Version 17
VisualStudioVersion = 17.6.33815.320
MinimumVisualStudioVersion = 10.0.40219.1
Project("{888888A0-9F3D-457C-B088-3A5042F75D52}") = "mergeSortPy.py", "mergeSortPy.py\mergeSortPy.py.pyproj", "{5BD753E5-9AB8-4C88-80B9-08FE367DB05F}"
EndProject
Global
	GlobalSection(SolutionConfigurationPlatforms) = preSolution
		Debug|Any CPU = Debug|Any CPU
		Release|Any CPU = Release|Any CPU
	EndGlobalSection
	GlobalSection(ProjectConfigurationPlatforms) = postSolution
		{5BD753E5-9AB8-4C88-80B9-08FE367DB05F}.Debug|Any CPU.ActiveCfg = Debug|Any CPU
		{5BD753E5-9AB8-4C88-80B9-08FE367DB05F}.Release|Any CPU.ActiveCfg = Release|Any CPU
	EndGlobalSection
	GlobalSection(SolutionProperties) = preSolution
		HideSolutionNode = FALSE
	EndGlobalSection
	GlobalSection(ExtensibilityGlobals) = postSolution
		SolutionGuid = {8C8EFB58-5613-497F-8916-B400DCEC7060}
	EndGlobalSection
EndGlobal
